
Microsoft Visual Studio Solution File, Format Version 12.00
# Visual Studio 2017
Project("{FAE04EC0-301F-11D3-BF4B-00C04F79EFBC}") = "Juego Final", "Juego Final.csproj", "{5974BCCE-2999-307E-F164-D1855D488184}"
EndProject
Project("{FAE04EC0-301F-11D3-BF4B-00C04F79EFBC}") = "Juego Final.Editor", "Juego Final.Editor.csproj", "{4A3B961C-BDBE-5B15-5DD5-57BCE1CDEC28}"
EndProject
Global
	GlobalSection(SolutionConfigurationPlatforms) = preSolution
		Debug|Any CPU = Debug|Any CPU
		Release|Any CPU = Release|Any CPU
	EndGlobalSection
	GlobalSection(ProjectConfigurationPlatforms) = postSolution
		{5974BCCE-2999-307E-F164-D1855D488184}.Debug|Any CPU.ActiveCfg = Debug|Any CPU
		{5974BCCE-2999-307E-F164-D1855D488184}.Debug|Any CPU.Build.0 = Debug|Any CPU
		{5974BCCE-2999-307E-F164-D1855D488184}.Release|Any CPU.ActiveCfg = Release|Any CPU
		{5974BCCE-2999-307E-F164-D1855D488184}.Release|Any CPU.Build.0 = Release|Any CPU
		{4A3B961C-BDBE-5B15-5DD5-57BCE1CDEC28}.Debug|Any CPU.ActiveCfg = Debug|Any CPU
		{4A3B961C-BDBE-5B15-5DD5-57BCE1CDEC28}.Debug|Any CPU.Build.0 = Debug|Any CPU
		{4A3B961C-BDBE-5B15-5DD5-57BCE1CDEC28}.Release|Any CPU.ActiveCfg = Release|Any CPU
		{4A3B961C-BDBE-5B15-5DD5-57BCE1CDEC28}.Release|Any CPU.Build.0 = Release|Any CPU
	EndGlobalSection
	GlobalSection(SolutionProperties) = preSolution
		HideSolutionNode = FALSE
	EndGlobalSection
EndGlobal
